
Microsoft Visual Studio Solution File, Format Version 12.00
# Visual Studio Version 16
VisualStudioVersion = 16.0.31105.61
MinimumVisualStudioVersion = 10.0.40219.1
Project("{9A19103F-16F7-4668-BE54-9A1E7A4F7556}") = "PlayerLogMvc", "PlayerLogMvc\PlayerLogMvc.csproj", "{2AACA6BD-2BDB-47A3-97C0-290CCAF5EA42}"
EndProject
Project("{9A19103F-16F7-4668-BE54-9A1E7A4F7556}") = "PlayerLogMvcUnitTests", "PlayerLogMvcUnitTests\PlayerLogMvcUnitTests.csproj", "{CA884761-857C-4738-A73F-7AC57434A402}"
EndProject
Global
	GlobalSection(SolutionConfigurationPlatforms) = preSolution
		Debug|Any CPU = Debug|Any CPU
		Release|Any CPU = Release|Any CPU
	EndGlobalSection
	GlobalSection(ProjectConfigurationPlatforms) = postSolution
		{2AACA6BD-2BDB-47A3-97C0-290CCAF5EA42}.Debug|Any CPU.ActiveCfg = Debug|Any CPU
		{2AACA6BD-2BDB-47A3-97C0-290CCAF5EA42}.Debug|Any CPU.Build.0 = Debug|Any CPU
		{2AACA6BD-2BDB-47A3-97C0-290CCAF5EA42}.Release|Any CPU.ActiveCfg = Release|Any CPU
		{2AACA6BD-2BDB-47A3-97C0-290CCAF5EA42}.Release|Any CPU.Build.0 = Release|Any CPU
		{CA884761-857C-4738-A73F-7AC57434A402}.Debug|Any CPU.ActiveCfg = Debug|Any CPU
		{CA884761-857C-4738-A73F-7AC57434A402}.Debug|Any CPU.Build.0 = Debug|Any CPU
		{CA884761-857C-4738-A73F-7AC57434A402}.Release|Any CPU.ActiveCfg = Release|Any CPU
		{CA884761-857C-4738-A73F-7AC57434A402}.Release|Any CPU.Build.0 = Release|Any CPU
	EndGlobalSection
	GlobalSection(SolutionProperties) = preSolution
		HideSolutionNode = FALSE
	EndGlobalSection
	GlobalSection(ExtensibilityGlobals) = postSolution
		SolutionGuid = {EB54AD3A-9E24-4FAF-BC94-B79D1D88999C}
	EndGlobalSection
EndGlobal
